
Microsoft Visual Studio Solution File, Format Version 12.00
# Visual Studio Version 17
VisualStudioVersion = 17.1.32228.430
MinimumVisualStudioVersion = 10.0.40219.1
Project("{FAE04EC0-301F-11D3-BF4B-00C04F79EFBC}") = "Esdc.Ccoe.AspNetCore.Mvc.Cdts.Aad", "Esdc.Ccoe.AspNetCore.Mvc.Cdts.Aad\Esdc.Ccoe.AspNetCore.Mvc.Cdts.Aad.csproj", "{0B33099F-A124-4096-88BF-D9005D23614C}"
EndProject
Global
	GlobalSection(SolutionConfigurationPlatforms) = preSolution
		Debug|Any CPU = Debug|Any CPU
		Release|Any CPU = Release|Any CPU
	EndGlobalSection
	GlobalSection(ProjectConfigurationPlatforms) = postSolution
		{0B33099F-A124-4096-88BF-D9005D23614C}.Debug|Any CPU.ActiveCfg = Debug|Any CPU
		{0B33099F-A124-4096-88BF-D9005D23614C}.Debug|Any CPU.Build.0 = Debug|Any CPU
		{0B33099F-A124-4096-88BF-D9005D23614C}.Release|Any CPU.ActiveCfg = Release|Any CPU
		{0B33099F-A124-4096-88BF-D9005D23614C}.Release|Any CPU.Build.0 = Release|Any CPU
	EndGlobalSection
	GlobalSection(SolutionProperties) = preSolution
		HideSolutionNode = FALSE
	EndGlobalSection
	GlobalSection(ExtensibilityGlobals) = postSolution
		SolutionGuid = {9FE4E8AC-873D-456E-A709-4D2D56F89C56}
	EndGlobalSection
EndGlobal
